PODS:
  - Alamofire (3.1.2)
  - CocoaAsyncSocket (7.4.2)
  - Mapbox-iOS-SDK (2.1.2)
  - SQLite.swift (1.0.0)
  - SSZipArchive (1.0.1)

DEPENDENCIES:
  - Alamofire
  - CocoaAsyncSocket
  - Mapbox-iOS-SDK
  - SQLite.swift (from `https://github.com/stephencelis/SQLite.swift.git`)
  - SSZipArchive

EXTERNAL SOURCES:
  SQLite.swift:
    :git: https://github.com/stephencelis/SQLite.swift.git

CHECKOUT OPTIONS:
  SQLite.swift:
    :commit: c9d3082d1f5ddc2e55a792a8eb1a677b8a1b15f5
    :git: https://github.com/stephencelis/SQLite.swift.git

SPEC CHECKSUMS:
  Alamofire: 7c16ca65f3c7e681fd925fd7f2dec7747ff96855
  CocoaAsyncSocket: f5783bdedd232d91b89769bc4b5a1580aed518ad
  Mapbox-iOS-SDK: 19aa6ad9235ad79a46f507cb831ae216d6ea373e
  SQLite.swift: 3bb75f5a650f08673276bc6d3fb1de1b542b8f4d
  SSZipArchive: 5f30a0af2cb3d48c0ff83b1e18029f7041ac3c38

COCOAPODS: 0.39.0
